// !$*UTF8*$!
{
	archiveVersion = 1;
	classes = {
	};
	objectVersion = 56;
	objects = {

/* Begin PBXBuildFile section */
		448139C97B7E4D9725403B09 /* Pods_My_places.framework in Frameworks */ = {isa = PBXBuildFile; fileRef = 0E39962793860EF03585762E /* Pods_My_places.framework */; };
		9719F25F293502E1000E97E3 /* MapViewController.swift in Sources */ = {isa = PBXBuildFile; fileRef = 9719F25E293502E1000E97E3 /* MapViewController.swift */; };
		975F6A76292B9C470017A698 /* AppDelegate.swift in Sources */ = {isa = PBXBuildFile; fileRef = 975F6A75292B9C470017A698 /* AppDelegate.swift */; };
		975F6A78292B9C470017A698 /* SceneDelegate.swift in Sources */ = {isa = PBXBuildFile; fileRef = 975F6A77292B9C470017A698 /* SceneDelegate.swift */; };
		975F6A7D292B9C470017A698 /* Main.storyboard in Resources */ = {isa = PBXBuildFile; fileRef = 975F6A7B292B9C470017A698 /* Main.storyboard */; };
		975F6A82292B9C480017A698 /* LaunchScreen.storyboard in Resources */ = {isa = PBXBuildFile; fileRef = 975F6A80292B9C480017A698 /* LaunchScreen.storyboard */; };
		975F6A8A292BA0A30017A698 /* MainViewController.swift in Sources */ = {isa = PBXBuildFile; fileRef = 975F6A89292BA0A30017A698 /* MainViewController.swift */; };
		975F6A8C292CF8040017A698 /* CustomTableViewCell.swift in Sources */ = {isa = PBXBuildFile; fileRef = 975F6A8B292CF8040017A698 /* CustomTableViewCell.swift */; };
		975F6A8E292CFF450017A698 /* PlaceModel.swift in Sources */ = {isa = PBXBuildFile; fileRef = 975F6A8D292CFF450017A698 /* PlaceModel.swift */; };
		975F6A90292D1C2C0017A698 /* NewPlaceViewController.swift in Sources */ = {isa = PBXBuildFile; fileRef = 975F6A8F292D1C2C0017A698 /* NewPlaceViewController.swift */; };
		975F6A92292E7A470017A698 /* StorageManager.swift in Sources */ = {isa = PBXBuildFile; fileRef = 975F6A91292E7A470017A698 /* StorageManager.swift */; };
		97C92CC7292FCE98002E9FCF /* Assets.xcassets in Resources */ = {isa = PBXBuildFile; fileRef = 97C92CC6292FCE98002E9FCF /* Assets.xcassets */; };
		97C92CC92933AC4F002E9FCF /* RatingControl.swift in Sources */ = {isa = PBXBuildFile; fileRef = 97C92CC82933AC4F002E9FCF /* RatingControl.swift */; };
		97F600612939179A006A2014 /* MapManager.swift in Sources */ = {isa = PBXBuildFile; fileRef = 97F600602939179A006A2014 /* MapManager.swift */; };
/* End PBXBuildFile section */

/* Begin PBXFileReference section */
		0E39962793860EF03585762E /* Pods_My_places.framework */ = {isa = PBXFileReference; explicitFileType = wrapper.framework; includeInIndex = 0; path = Pods_My_places.framework; sourceTree = BUILT_PRODUCTS_DIR; };
		9719F25E293502E1000E97E3 /* MapViewController.swift */ = {isa = PBXFileReference; lastKnownFileType = sourcecode.swift; path = MapViewController.swift; sourceTree = "<group>"; };
		975F6A72292B9C470017A698 /* My places.app */ = {isa = PBXFileReference; explicitFileType = wrapper.application; includeInIndex = 0; path = "My places.app"; sourceTree = BUILT_PRODUCTS_DIR; };
		975F6A75292B9C470017A698 /* AppDelegate.swift */ = {isa = PBXFileReference; lastKnownFileType = sourcecode.swift; path = AppDelegate.swift; sourceTree = "<group>"; };
		975F6A77292B9C470017A698 /* SceneDelegate.swift */ = {isa = PBXFileReference; lastKnownFileType = sourcecode.swift; path = SceneDelegate.swift; sourceTree = "<group>"; };
		975F6A7C292B9C470017A698 /* Base */ = {isa = PBXFileReference; lastKnownFileType = file.storyboard; name = Base; path = Base.lproj/Main.storyboard; sourceTree = "<group>"; };
		975F6A81292B9C480017A698 /* Base */ = {isa = PBXFileReference; lastKnownFileType = file.storyboard; name = Base; path = Base.lproj/LaunchScreen.storyboard; sourceTree = "<group>"; };
		975F6A83292B9C480017A698 /* Info.plist */ = {isa = PBXFileReference; lastKnownFileType = text.plist.xml; path = Info.plist; sourceTree = "<group>"; };
		975F6A89292BA0A30017A698 /* MainViewController.swift */ = {isa = PBXFileReference; lastKnownFileType = sourcecode.swift; path = MainViewController.swift; sourceTree = "<group>"; };
		975F6A8B292CF8040017A698 /* CustomTableViewCell.swift */ = {isa = PBXFileReference; lastKnownFileType = sourcecode.swift; path = CustomTableViewCell.swift; sourceTree = "<group>"; };
		975F6A8D292CFF450017A698 /* PlaceModel.swift */ = {isa = PBXFileReference; lastKnownFileType = sourcecode.swift; path = PlaceModel.swift; sourceTree = "<group>"; };
		975F6A8F292D1C2C0017A698 /* NewPlaceViewController.swift */ = {isa = PBXFileReference; lastKnownFileType = sourcecode.swift; path = NewPlaceViewController.swift; sourceTree = "<group>"; };
		975F6A91292E7A470017A698 /* StorageManager.swift */ = {isa = PBXFileReference; lastKnownFileType = sourcecode.swift; path = StorageManager.swift; sourceTree = "<group>"; };
		97C92CC6292FCE98002E9FCF /* Assets.xcassets */ = {isa = PBXFileReference; lastKnownFileType = folder.assetcatalog; path = Assets.xcassets; sourceTree = "<group>"; };
		97C92CC82933AC4F002E9FCF /* RatingControl.swift */ = {isa = PBXFileReference; lastKnownFileType = sourcecode.swift; path = RatingControl.swift; sourceTree = "<group>"; };
		97F600602939179A006A2014 /* MapManager.swift */ = {isa = PBXFileReference; lastKnownFileType = sourcecode.swift; path = MapManager.swift; sourceTree = "<group>"; };
		9DF78C30799429DDD49AA3F7 /* Pods-My places.debug.xcconfig */ = {isa = PBXFileReference; includeInIndex = 1; lastKnownFileType = text.xcconfig; name = "Pods-My places.debug.xcconfig"; path = "Target Support Files/Pods-My places/Pods-My places.debug.xcconfig"; sourceTree = "<group>"; };
		FE3C013596E20D333E9A5209 /* Pods-My places.release.xcconfig */ = {isa = PBXFileReference; includeInIndex = 1; lastKnownFileType = text.xcconfig; name = "Pods-My places.release.xcconfig"; path = "Target Support Files/Pods-My places/Pods-My places.release.xcconfig"; sourceTree = "<group>"; };
/* End PBXFileReference section */

/* Begin PBXFrameworksBuildPhase section */
		975F6A6F292B9C470017A698 /* Frameworks */ = {
			isa = PBXFrameworksBuildPhase;
			buildActionMask = 2147483647;
			files = (
				448139C97B7E4D9725403B09 /* Pods_My_places.framework in Frameworks */,
			);
			runOnlyForDeploymentPostprocessing = 0;
		};
/* End PBXFrameworksBuildPhase section */

/* Begin PBXGroup section */
		5F5F50D1C430D11F085243AC /* Pods */ = {
			isa = PBXGroup;
			children = (
				9DF78C30799429DDD49AA3F7 /* Pods-My places.debug.xcconfig */,
				FE3C013596E20D333E9A5209 /* Pods-My places.release.xcconfig */,
			);
			path = Pods;
			sourceTree = "<group>";
		};
		975F6A69292B9C470017A698 = {
			isa = PBXGroup;
			children = (
				975F6A74292B9C470017A698 /* My places */,
				975F6A73292B9C470017A698 /* Products */,
				5F5F50D1C430D11F085243AC /* Pods */,
				FBE06AC1F74DACB8C36937F6 /* Frameworks */,
			);
			sourceTree = "<group>";
		};
		975F6A73292B9C470017A698 /* Products */ = {
			isa = PBXGroup;
			children = (
				975F6A72292B9C470017A698 /* My places.app */,
			);
			name = Products;
			sourceTree = "<group>";
		};
		975F6A74292B9C470017A698 /* My places */ = {
			isa = PBXGroup;
			children = (
				97F6006229394119006A2014 /* ViewControllers */,
				97F6006429394166006A2014 /* Helpers */,
				97F6006329394153006A2014 /* Models */,
				97F60065293941A9006A2014 /* Support Files */,
				97F60066293941F2006A2014 /* IIBuilder */,
			);
			path = "My places";
			sourceTree = "<group>";
		};
		97F6006229394119006A2014 /* ViewControllers */ = {
			isa = PBXGroup;
			children = (
				975F6A89292BA0A30017A698 /* MainViewController.swift */,
				975F6A8F292D1C2C0017A698 /* NewPlaceViewController.swift */,
				9719F25E293502E1000E97E3 /* MapViewController.swift */,
				975F6A8B292CF8040017A698 /* CustomTableViewCell.swift */,
			);
			path = ViewControllers;
			sourceTree = "<group>";
		};
		97F6006329394153006A2014 /* Models */ = {
			isa = PBXGroup;
			children = (
				975F6A8D292CFF450017A698 /* PlaceModel.swift */,
			);
			path = Models;
			sourceTree = "<group>";
		};
		97F6006429394166006A2014 /* Helpers */ = {
			isa = PBXGroup;
			children = (
				975F6A91292E7A470017A698 /* StorageManager.swift */,
				97C92CC82933AC4F002E9FCF /* RatingControl.swift */,
				97F600602939179A006A2014 /* MapManager.swift */,
			);
			path = Helpers;
			sourceTree = "<group>";
		};
		97F60065293941A9006A2014 /* Support Files */ = {
			isa = PBXGroup;
			children = (
				975F6A75292B9C470017A698 /* AppDelegate.swift */,
				975F6A77292B9C470017A698 /* SceneDelegate.swift */,
				97C92CC6292FCE98002E9FCF /* Assets.xcassets */,
				975F6A83292B9C480017A698 /* Info.plist */,
			);
			path = "Support Files";
			sourceTree = "<group>";
		};
		97F60066293941F2006A2014 /* IIBuilder */ = {
			isa = PBXGroup;
			children = (
				975F6A7B292B9C470017A698 /* Main.storyboard */,
				975F6A80292B9C480017A698 /* LaunchScreen.storyboard */,
			);
			path = IIBuilder;
			sourceTree = "<group>";
		};
		FBE06AC1F74DACB8C36937F6 /* Frameworks */ = {
			isa = PBXGroup;
			children = (
				0E39962793860EF03585762E /* Pods_My_places.framework */,
			);
			name = Frameworks;
			sourceTree = "<group>";
		};
/* End PBXGroup section */

/* Begin PBXNativeTarget section */
		975F6A71292B9C470017A698 /* My places */ = {
			isa = PBXNativeTarget;
			buildConfigurationList = 975F6A86292B9C480017A698 /* Build configuration list for PBXNativeTarget "My places" */;
			buildPhases = (
				9AB56EE9E431BD86F29BC041 /* [CP] Check Pods Manifest.lock */,
				975F6A6E292B9C470017A698 /* Sources */,
				975F6A6F292B9C470017A698 /* Frameworks */,
				975F6A70292B9C470017A698 /* Resources */,
				D264A3491FB8E85B4043DAD3 /* [CP] Embed Pods Frameworks */,
			);
			buildRules = (
			);
			dependencies = (
			);
			name = "My places";
			productName = "My places";
			productReference = 975F6A72292B9C470017A698 /* My places.app */;
			productType = "com.apple.product-type.application";
		};
/* End PBXNativeTarget section */

/* Begin PBXProject section */
		975F6A6A292B9C470017A698 /* Project object */ = {
			isa = PBXProject;
			attributes = {
				BuildIndependentTargetsInParallel = 1;
				LastSwiftUpdateCheck = 1410;
				LastUpgradeCheck = 1410;
				TargetAttributes = {
					975F6A71292B9C470017A698 = {
						CreatedOnToolsVersion = 14.1;
					};
				};
			};
			buildConfigurationList = 975F6A6D292B9C470017A698 /* Build configuration list for PBXProject "My places" */;
			compatibilityVersion = "Xcode 14.0";
			developmentRegion = en;
			hasScannedForEncodings = 0;
			knownRegions = (
				en,
				Base,
			);
			mainGroup = 975F6A69292B9C470017A698;
			productRefGroup = 975F6A73292B9C470017A698 /* Products */;
			projectDirPath = "";
			projectRoot = "";
			targets = (
				975F6A71292B9C470017A698 /* My places */,
			);
		};
/* End PBXProject section */

/* Begin PBXResourcesBuildPhase section */
		975F6A70292B9C470017A698 /* Resources */ = {
			isa = PBXResourcesBuildPhase;
			buildActionMask = 2147483647;
			files = (
				975F6A82292B9C480017A698 /* LaunchScreen.storyboard in Resources */,
				97C92CC7292FCE98002E9FCF /* Assets.xcassets in Resources */,
				975F6A7D292B9C470017A698 /* Main.storyboard in Resources */,
			);
			runOnlyForDeploymentPostprocessing = 0;
		};
/* End PBXResourcesBuildPhase section */

/* Begin PBXShellScriptBuildPhase section */
		9AB56EE9E431BD86F29BC041 /* [CP] Check Pods Manifest.lock */ = {
			isa = PBXShellScriptBuildPhase;
			buildActionMask = 2147483647;
			files = (
			);
			inputFileListPaths = (
			);
			inputPaths = (
				"${PODS_PODFILE_DIR_PATH}/Podfile.lock",
				"${PODS_ROOT}/Manifest.lock",
			);
			name = "[CP] Check Pods Manifest.lock";
			outputFileListPaths = (
			);
			outputPaths = (
				"$(DERIVED_FILE_DIR)/Pods-My places-checkManifestLockResult.txt",
			);
			runOnlyForDeploymentPostprocessing = 0;
			shellPath = /bin/sh;
			shellScript = "diff \"${PODS_PODFILE_DIR_PATH}/Podfile.lock\" \"${PODS_ROOT}/Manifest.lock\" > /dev/null\nif [ $? != 0 ] ; then\n    # print error to STDERR\n    echo \"error: The sandbox is not in sync with the Podfile.lock. Run 'pod install' or update your CocoaPods installation.\" >&2\n    exit 1\nfi\n# This output is used by Xcode 'outputs' to avoid re-running this script phase.\necho \"SUCCESS\" > \"${SCRIPT_OUTPUT_FILE_0}\"\n";
			showEnvVarsInLog = 0;
		};
		D264A3491FB8E85B4043DAD3 /* [CP] Embed Pods Frameworks */ = {
			isa = PBXShellScriptBuildPhase;
			buildActionMask = 2147483647;
			files = (
			);
			inputFileListPaths = (
				"${PODS_ROOT}/Target Support Files/Pods-My places/Pods-My places-frameworks-${CONFIGURATION}-input-files.xcfilelist",
			);
			name = "[CP] Embed Pods Frameworks";
			outputFileListPaths = (
				"${PODS_ROOT}/Target Support Files/Pods-My places/Pods-My places-frameworks-${CONFIGURATION}-output-files.xcfilelist",
			);
			runOnlyForDeploymentPostprocessing = 0;
			shellPath = /bin/sh;
			shellScript = "\"${PODS_ROOT}/Target Support Files/Pods-My places/Pods-My places-frameworks.sh\"\n";
			showEnvVarsInLog = 0;
		};
/* End PBXShellScriptBuildPhase section */

/* Begin PBXSourcesBuildPhase section */
		975F6A6E292B9C470017A698 /* Sources */ = {
			isa = PBXSourcesBuildPhase;
			buildActionMask = 2147483647;
			files = (
				975F6A8A292BA0A30017A698 /* MainViewController.swift in Sources */,
				975F6A90292D1C2C0017A698 /* NewPlaceViewController.swift in Sources */,
				975F6A76292B9C470017A698 /* AppDelegate.swift in Sources */,
				975F6A92292E7A470017A698 /* StorageManager.swift in Sources */,
				9719F25F293502E1000E97E3 /* MapViewController.swift in Sources */,
				975F6A8E292CFF450017A698 /* PlaceModel.swift in Sources */,
				97F600612939179A006A2014 /* MapManager.swift in Sources */,
				975F6A8C292CF8040017A698 /* CustomTableViewCell.swift in Sources */,
				97C92CC92933AC4F002E9FCF /* RatingControl.swift in Sources */,
				975F6A78292B9C470017A698 /* SceneDelegate.swift in Sources */,
			);
			runOnlyForDeploymentPostprocessing = 0;
		};
/* End PBXSourcesBuildPhase section */

/* Begin PBXVariantGroup section */
		975F6A7B292B9C470017A698 /* Main.storyboard */ = {
			isa = PBXVariantGroup;
			children = (
				975F6A7C292B9C470017A698 /* Base */,
			);
			name = Main.storyboard;
			sourceTree = "<group>";
		};
		975F6A80292B9C480017A698 /* LaunchScreen.storyboard */ = {
			isa = PBXVariantGroup;
			children = (
				975F6A81292B9C480017A698 /* Base */,
			);
			name = LaunchScreen.storyboard;
			sourceTree = "<group>";
		};
/* End PBXVariantGroup section */

/* Begin XCBuildConfiguration section */
		975F6A84292B9C480017A698 /* Debug */ = {
			isa = XCBuildConfiguration;
			buildSettings = {
				ALWAYS_SEARCH_USER_PATHS = NO;
				CLANG_ANALYZER_NONNULL = YES;
				CLANG_ANALYZER_NUMBER_OBJECT_CONVERSION = YES_AGGRESSIVE;
				CLANG_CXX_LANGUAGE_STANDARD = "gnu++20";
				CLANG_ENABLE_MODULES = YES;
				CLANG_ENABLE_OBJC_ARC = YES;
				CLANG_ENABLE_OBJC_WEAK = YES;
				CLANG_WARN_BLOCK_CAPTURE_AUTORELEASING = YES;
				CLANG_WARN_BOOL_CONVERSION = YES;
				CLANG_WARN_COMMA = YES;
				CLANG_WARN_CONSTANT_CONVERSION = YES;
				CLANG_WARN_DEPRECATED_OBJC_IMPLEMENTATIONS = YES;
				CLANG_WARN_DIRECT_OBJC_ISA_USAGE = YES_ERROR;
				CLANG_WARN_DOCUMENTATION_COMMENTS = YES;
				CLANG_WARN_EMPTY_BODY = YES;
				CLANG_WARN_ENUM_CONVERSION = YES;
				CLANG_WARN_INFINITE_RECURSION = YES;
				CLANG_WARN_INT_CONVERSION = YES;
				CLANG_WARN_NON_LITERAL_NULL_CONVERSION = YES;
				CLANG_WARN_OBJC_IMPLICIT_RETAIN_SELF = YES;
				CLANG_WARN_OBJC_LITERAL_CONVERSION = YES;
				CLANG_WARN_OBJC_ROOT_CLASS = YES_ERROR;
				CLANG_WARN_QUOTED_INCLUDE_IN_FRAMEWORK_HEADER = YES;
				CLANG_WARN_RANGE_LOOP_ANALYSIS = YES;
				CLANG_WARN_STRICT_PROTOTYPES = YES;
				CLANG_WARN_SUSPICIOUS_MOVE = YES;
				CLANG_WARN_UNGUARDED_AVAILABILITY = YES_AGGRESSIVE;
				CLANG_WARN_UNREACHABLE_CODE = YES;
				CLANG_WARN__DUPLICATE_METHOD_MATCH = YES;
				COPY_PHASE_STRIP = NO;
				DEBUG_INFORMATION_FORMAT = dwarf;
				ENABLE_STRICT_OBJC_MSGSEND = YES;
				ENABLE_TESTABILITY = YES;
				GCC_C_LANGUAGE_STANDARD = gnu11;
				GCC_DYNAMIC_NO_PIC = NO;
				GCC_NO_COMMON_BLOCKS = YES;
				GCC_OPTIMIZATION_LEVEL = 0;
				GCC_PREPROCESSOR_DEFINITIONS = (
					"DEBUG=1",
					"$(inherited)",
				);
				GCC_WARN_64_TO_32_BIT_CONVERSION = YES;
				GCC_WARN_ABOUT_RETURN_TYPE = YES_ERROR;
				GCC_WARN_UNDECLARED_SELECTOR = YES;
				GCC_WARN_UNINITIALIZED_AUTOS = YES_AGGRESSIVE;
				GCC_WARN_UNUSED_FUNCTION = YES;
				GCC_WARN_UNUSED_VARIABLE = YES;
				IPHONEOS_DEPLOYMENT_TARGET = 16.1;
				MTL_ENABLE_DEBUG_INFO = INCLUDE_SOURCE;
				MTL_FAST_MATH = YES;
				ONLY_ACTIVE_ARCH = YES;
				SDKROOT = iphoneos;
				SWIFT_ACTIVE_COMPILATION_CONDITIONS = DEBUG;
				SWIFT_OPTIMIZATION_LEVEL = "-Onone";
			};
			name = Debug;
		};
		975F6A85292B9C480017A698 /* Release */ = {
			isa = XCBuildConfiguration;
			buildSettings = {
				ALWAYS_SEARCH_USER_PATHS = NO;
				CLANG_ANALYZER_NONNULL = YES;
				CLANG_ANALYZER_NUMBER_OBJECT_CONVERSION = YES_AGGRESSIVE;
				CLANG_CXX_LANGUAGE_STANDARD = "gnu++20";
				CLANG_ENABLE_MODULES = YES;
				CLANG_ENABLE_OBJC_ARC = YES;
				CLANG_ENABLE_OBJC_WEAK = YES;
				CLANG_WARN_BLOCK_CAPTURE_AUTORELEASING = YES;
				CLANG_WARN_BOOL_CONVERSION = YES;
				CLANG_WARN_COMMA = YES;
				CLANG_WARN_CONSTANT_CONVERSION = YES;
				CLANG_WARN_DEPRECATED_OBJC_IMPLEMENTATIONS = YES;
				CLANG_WARN_DIRECT_OBJC_ISA_USAGE = YES_ERROR;
				CLANG_WARN_DOCUMENTATION_COMMENTS = YES;
				CLANG_WARN_EMPTY_BODY = YES;
				CLANG_WARN_ENUM_CONVERSION = YES;
				CLANG_WARN_INFINITE_RECURSION = YES;
				CLANG_WARN_INT_CONVERSION = YES;
				CLANG_WARN_NON_LITERAL_NULL_CONVERSION = YES;
				CLANG_WARN_OBJC_IMPLICIT_RETAIN_SELF = YES;
				CLANG_WARN_OBJC_LITERAL_CONVERSION = YES;
				CLANG_WARN_OBJC_ROOT_CLASS = YES_ERROR;
				CLANG_WARN_QUOTED_INCLUDE_IN_FRAMEWORK_HEADER = YES;
				CLANG_WARN_RANGE_LOOP_ANALYSIS = YES;
				CLANG_WARN_STRICT_PROTOTYPES = YES;
				CLANG_WARN_SUSPICIOUS_MOVE = YES;
				CLANG_WARN_UNGUARDED_AVAILABILITY = YES_AGGRESSIVE;
				CLANG_WARN_UNREACHABLE_CODE = YES;
				CLANG_WARN__DUPLICATE_METHOD_MATCH = YES;
				COPY_PHASE_STRIP = NO;
				DEBUG_INFORMATION_FORMAT = "dwarf-with-dsym";
				ENABLE_NS_ASSERTIONS = NO;
				ENABLE_STRICT_OBJC_MSGSEND = YES;
				GCC_C_LANGUAGE_STANDARD = gnu11;
				GCC_NO_COMMON_BLOCKS = YES;
				GCC_WARN_64_TO_32_BIT_CONVERSION = YES;
				GCC_WARN_ABOUT_RETURN_TYPE = YES_ERROR;
				GCC_WARN_UNDECLARED_SELECTOR = YES;
				GCC_WARN_UNINITIALIZED_AUTOS = YES_AGGRESSIVE;
				GCC_WARN_UNUSED_FUNCTION = YES;
				GCC_WARN_UNUSED_VARIABLE = YES;
				IPHONEOS_DEPLOYMENT_TARGET = 16.1;
				MTL_ENABLE_DEBUG_INFO = NO;
				MTL_FAST_MATH = YES;
				SDKROOT = iphoneos;
				SWIFT_COMPILATION_MODE = wholemodule;
				SWIFT_OPTIMIZATION_LEVEL = "-O";
				VALIDATE_PRODUCT = YES;
			};
			name = Release;
		};
		975F6A87292B9C480017A698 /* Debug */ = {
			isa = XCBuildConfiguration;
			baseConfigurationReference = 9DF78C30799429DDD49AA3F7 /* Pods-My places.debug.xcconfig */;
			buildSettings = {
				ASSETCATALOG_COMPILER_APPICON_NAME = AppIcon;
				ASSETCATALOG_COMPILER_GLOBAL_ACCENT_COLOR_NAME = AccentColor;
				CODE_SIGN_STYLE = Automatic;
				CURRENT_PROJECT_VERSION = 1;
				DEVELOPMENT_TEAM = N4UDWY43TV;
				GENERATE_INFOPLIST_FILE = YES;
				"INFOPLIST_FILE[sdk=*]" = "/Users/markmihaylov/Desktop/Myplaces/My places/Support Files/Info.plist";
				INFOPLIST_KEY_UIApplicationSupportsIndirectInputEvents = YES;
				INFOPLIST_KEY_UILaunchStoryboardName = LaunchScreen;
				INFOPLIST_KEY_UIMainStoryboardFile = Main;
				INFOPLIST_KEY_UISupportedInterfaceOrientations = UIInterfaceOrientationPortrait;
				LD_RUNPATH_SEARCH_PATHS = (
					"$(inherited)",
					"@executable_path/Frameworks",
				);
				MARKETING_VERSION = 1.0;
				PRODUCT_BUNDLE_IDENTIFIER = "com.markmikh.My-places";
				PRODUCT_NAME = "$(TARGET_NAME)";
				SUPPORTED_PLATFORMS = "iphoneos iphonesimulator";
				SUPPORTS_MACCATALYST = NO;
				SUPPORTS_MAC_DESIGNED_FOR_IPHONE_IPAD = NO;
				SWIFT_EMIT_LOC_STRINGS = YES;
				SWIFT_VERSION = 5.0;
				TARGETED_DEVICE_FAMILY = 1;
			};
			name = Debug;
		};
		975F6A88292B9C480017A698 /* Release */ = {
			isa = XCBuildConfiguration;
			baseConfigurationReference = FE3C013596E20D333E9A5209 /* Pods-My places.release.xcconfig */;
			buildSettings = {
				ASSETCATALOG_COMPILER_APPICON_NAME = AppIcon;
				ASSETCATALOG_COMPILER_GLOBAL_ACCENT_COLOR_NAME = AccentColor;
				CODE_SIGN_STYLE = Automatic;
				CURRENT_PROJECT_VERSION = 1;
				DEVELOPMENT_TEAM = N4UDWY43TV;
				GENERATE_INFOPLIST_FILE = YES;
				"INFOPLIST_FILE[sdk=*]" = "/Users/markmihaylov/Desktop/Myplaces/My places/Support Files/Info.plist";
				INFOPLIST_KEY_UIApplicationSupportsIndirectInputEvents = YES;
				INFOPLIST_KEY_UILaunchStoryboardName = LaunchScreen;
				INFOPLIST_KEY_UIMainStoryboardFile = Main;
				INFOPLIST_KEY_UISupportedInterfaceOrientations = UIInterfaceOrientationPortrait;
				LD_RUNPATH_SEARCH_PATHS = (
					"$(inherited)",
					"@executable_path/Frameworks",
				);
				MARKETING_VERSION = 1.0;
				PRODUCT_BUNDLE_IDENTIFIER = "com.markmikh.My-places";
				PRODUCT_NAME = "$(TARGET_NAME)";
				SUPPORTED_PLATFORMS = "iphoneos iphonesimulator";
				SUPPORTS_MACCATALYST = NO;
				SUPPORTS_MAC_DESIGNED_FOR_IPHONE_IPAD = NO;
				SWIFT_EMIT_LOC_STRINGS = YES;
				SWIFT_VERSION = 5.0;
				TARGETED_DEVICE_FAMILY = 1;
			};
			name = Release;
		};
/* End XCBuildConfiguration section */

/* Begin XCConfigurationList section */
		975F6A6D292B9C470017A698 /* Build configuration list for PBXProject "My places" */ = {
			isa = XCConfigurationList;
			buildConfigurations = (
				975F6A84292B9C480017A698 /* Debug */,
				975F6A85292B9C480017A698 /* Release */,
			);
			defaultConfigurationIsVisible = 0;
			defaultConfigurationName = Release;
		};
		975F6A86292B9C480017A698 /* Build configuration list for PBXNativeTarget "My places" */ = {
			isa = XCConfigurationList;
			buildConfigurations = (
				975F6A87292B9C480017A698 /* Debug */,
				975F6A88292B9C480017A698 /* Release */,
			);
			defaultConfigurationIsVisible = 0;
			defaultConfigurationName = Release;
		};
/* End XCConfigurationList section */
	};
	rootObject = 975F6A6A292B9C470017A698 /* Project object */;
}
